
Microsoft Visual Studio Solution File, Format Version 11.00
# Visual Studio 2010
Project("{FAE04EC0-301F-11D3-BF4B-00C04F79EFBC}") = "TrelloWrapper", "TrelloWrapper.csproj", "{744D9AEC-0147-4B8F-A5DA-BC34EFD99336}"
EndProject
Global
	GlobalSection(SolutionConfigurationPlatforms) = preSolution
		Debug|Any CPU = Debug|Any CPU
		Release|Any CPU = Release|Any CPU
	EndGlobalSection
	GlobalSection(ProjectConfigurationPlatforms) = postSolution
		{744D9AEC-0147-4B8F-A5DA-BC34EFD99336}.Debug|Any CPU.ActiveCfg = Debug|Any CPU
		{744D9AEC-0147-4B8F-A5DA-BC34EFD99336}.Debug|Any CPU.Build.0 = Debug|Any CPU
		{744D9AEC-0147-4B8F-A5DA-BC34EFD99336}.Release|Any CPU.ActiveCfg = Release|Any CPU
		{744D9AEC-0147-4B8F-A5DA-BC34EFD99336}.Release|Any CPU.Build.0 = Release|Any CPU
	EndGlobalSection
	GlobalSection(SolutionProperties) = preSolution
		HideSolutionNode = FALSE
	EndGlobalSection
EndGlobal
